<?xml version="1.0" encoding="utf-8"?>
<Project ToolsVersion="4.0" xmlns="http://schemas.microsoft.com/developer/msbuild/2003">
  <ItemGroup>
    <ClInclude Include="ClientConnection.h" />
    <ClInclude Include="SocketSendBuffer.hpp" />
    <ClInclude Include="CircularIOBuffer.hpp" />
    <ClInclude Include="SocketRecvBuffer.hpp" />
  </ItemGroup>
  <ItemGroup>
    <ClCompile Include="ClientConnection.cpp" />
    <ClCompile Include="main.cpp" />
  </ItemGroup>
</Project>